// !$*UTF8*$!
{
	archiveVersion = 1;
	classes = {
	};
	objectVersion = 56;
	objects = {

/* Begin PBXBuildFile section */
		934B74312BC7617700466853 /* TitleCollectionViewCell.swift in Sources */ = {isa = PBXBuildFile; fileRef = 934B74302BC7617700466853 /* TitleCollectionViewCell.swift */; };
		934B74342BC7622200466853 /* SDWebImage in Frameworks */ = {isa = PBXBuildFile; productRef = 934B74332BC7622200466853 /* SDWebImage */; };
		934B74362BC7622200466853 /* SDWebImageMapKit in Frameworks */ = {isa = PBXBuildFile; productRef = 934B74352BC7622200466853 /* SDWebImageMapKit */; };
		934B74382BC774A000466853 /* TitleTableViewCell.swift in Sources */ = {isa = PBXBuildFile; fileRef = 934B74372BC774A000466853 /* TitleTableViewCell.swift */; };
		934B743A2BC7794B00466853 /* TitleViewModel.swift in Sources */ = {isa = PBXBuildFile; fileRef = 934B74392BC7794B00466853 /* TitleViewModel.swift */; };
		93B1C82D2BB0899100565670 /* AppDelegate.swift in Sources */ = {isa = PBXBuildFile; fileRef = 93B1C82C2BB0899100565670 /* AppDelegate.swift */; };
		93B1C82F2BB0899100565670 /* SceneDelegate.swift in Sources */ = {isa = PBXBuildFile; fileRef = 93B1C82E2BB0899100565670 /* SceneDelegate.swift */; };
		93B1C8312BB0899100565670 /* MainTabBarViewController.swift in Sources */ = {isa = PBXBuildFile; fileRef = 93B1C8302BB0899100565670 /* MainTabBarViewController.swift */; };
		93B1C8362BB0899300565670 /* Assets.xcassets in Resources */ = {isa = PBXBuildFile; fileRef = 93B1C8352BB0899300565670 /* Assets.xcassets */; };
		93B1C8392BB0899300565670 /* Base in Resources */ = {isa = PBXBuildFile; fileRef = 93B1C8382BB0899300565670 /* Base */; };
		93B1C8422BB0A88D00565670 /* HomeViewController.swift in Sources */ = {isa = PBXBuildFile; fileRef = 93B1C8412BB0A88D00565670 /* HomeViewController.swift */; };
		93B1C8442BB0A8DA00565670 /* UpcomingViewController.swift in Sources */ = {isa = PBXBuildFile; fileRef = 93B1C8432BB0A8DA00565670 /* UpcomingViewController.swift */; };
		93B1C8462BB0A8E800565670 /* SearchViewController.swift in Sources */ = {isa = PBXBuildFile; fileRef = 93B1C8452BB0A8E800565670 /* SearchViewController.swift */; };
		93B1C8482BB0A8F600565670 /* DownloadsViewController.swift in Sources */ = {isa = PBXBuildFile; fileRef = 93B1C8472BB0A8F600565670 /* DownloadsViewController.swift */; };
		93B1C84F2BB0B46200565670 /* CollectionViewTableViewCell.swift in Sources */ = {isa = PBXBuildFile; fileRef = 93B1C84E2BB0B46200565670 /* CollectionViewTableViewCell.swift */; };
		93B1C8512BB0D40600565670 /* HeroHeaderUIView.swift in Sources */ = {isa = PBXBuildFile; fileRef = 93B1C8502BB0D40600565670 /* HeroHeaderUIView.swift */; };
		93B1C8532BB0EE1000565670 /* APICaller.swift in Sources */ = {isa = PBXBuildFile; fileRef = 93B1C8522BB0EE1000565670 /* APICaller.swift */; };
		93B1C8552BB0F72200565670 /* Title.swift in Sources */ = {isa = PBXBuildFile; fileRef = 93B1C8542BB0F72200565670 /* Title.swift */; };
		93B1C8572BB0FA0700565670 /* Extensions.swift in Sources */ = {isa = PBXBuildFile; fileRef = 93B1C8562BB0FA0700565670 /* Extensions.swift */; };
/* End PBXBuildFile section */

/* Begin PBXFileReference section */
		934B74302BC7617700466853 /* TitleCollectionViewCell.swift */ = {isa = PBXFileReference; lastKnownFileType = sourcecode.swift; path = TitleCollectionViewCell.swift; sourceTree = "<group>"; };
		934B74372BC774A000466853 /* TitleTableViewCell.swift */ = {isa = PBXFileReference; lastKnownFileType = sourcecode.swift; path = TitleTableViewCell.swift; sourceTree = "<group>"; };
		934B74392BC7794B00466853 /* TitleViewModel.swift */ = {isa = PBXFileReference; lastKnownFileType = sourcecode.swift; path = TitleViewModel.swift; sourceTree = "<group>"; };
		93B1C8292BB0899100565670 /* TacoMedia.app */ = {isa = PBXFileReference; explicitFileType = wrapper.application; includeInIndex = 0; path = TacoMedia.app; sourceTree = BUILT_PRODUCTS_DIR; };
		93B1C82C2BB0899100565670 /* AppDelegate.swift */ = {isa = PBXFileReference; lastKnownFileType = sourcecode.swift; path = AppDelegate.swift; sourceTree = "<group>"; };
		93B1C82E2BB0899100565670 /* SceneDelegate.swift */ = {isa = PBXFileReference; lastKnownFileType = sourcecode.swift; path = SceneDelegate.swift; sourceTree = "<group>"; };
		93B1C8302BB0899100565670 /* MainTabBarViewController.swift */ = {isa = PBXFileReference; lastKnownFileType = sourcecode.swift; path = MainTabBarViewController.swift; sourceTree = "<group>"; };
		93B1C8352BB0899300565670 /* Assets.xcassets */ = {isa = PBXFileReference; lastKnownFileType = folder.assetcatalog; path = Assets.xcassets; sourceTree = "<group>"; };
		93B1C8382BB0899300565670 /* Base */ = {isa = PBXFileReference; lastKnownFileType = file.storyboard; name = Base; path = Base.lproj/LaunchScreen.storyboard; sourceTree = "<group>"; };
		93B1C83A2BB0899300565670 /* Info.plist */ = {isa = PBXFileReference; lastKnownFileType = text.plist.xml; path = Info.plist; sourceTree = "<group>"; };
		93B1C8412BB0A88D00565670 /* HomeViewController.swift */ = {isa = PBXFileReference; lastKnownFileType = sourcecode.swift; path = HomeViewController.swift; sourceTree = "<group>"; };
		93B1C8432BB0A8DA00565670 /* UpcomingViewController.swift */ = {isa = PBXFileReference; lastKnownFileType = sourcecode.swift; path = UpcomingViewController.swift; sourceTree = "<group>"; };
		93B1C8452BB0A8E800565670 /* SearchViewController.swift */ = {isa = PBXFileReference; lastKnownFileType = sourcecode.swift; path = SearchViewController.swift; sourceTree = "<group>"; };
		93B1C8472BB0A8F600565670 /* DownloadsViewController.swift */ = {isa = PBXFileReference; lastKnownFileType = sourcecode.swift; path = DownloadsViewController.swift; sourceTree = "<group>"; };
		93B1C84E2BB0B46200565670 /* CollectionViewTableViewCell.swift */ = {isa = PBXFileReference; lastKnownFileType = sourcecode.swift; path = CollectionViewTableViewCell.swift; sourceTree = "<group>"; };
		93B1C8502BB0D40600565670 /* HeroHeaderUIView.swift */ = {isa = PBXFileReference; lastKnownFileType = sourcecode.swift; path = HeroHeaderUIView.swift; sourceTree = "<group>"; };
		93B1C8522BB0EE1000565670 /* APICaller.swift */ = {isa = PBXFileReference; lastKnownFileType = sourcecode.swift; path = APICaller.swift; sourceTree = "<group>"; };
		93B1C8542BB0F72200565670 /* Title.swift */ = {isa = PBXFileReference; lastKnownFileType = sourcecode.swift; path = Title.swift; sourceTree = "<group>"; };
		93B1C8562BB0FA0700565670 /* Extensions.swift */ = {isa = PBXFileReference; lastKnownFileType = sourcecode.swift; path = Extensions.swift; sourceTree = "<group>"; };
/* End PBXFileReference section */

/* Begin PBXFrameworksBuildPhase section */
		93B1C8262BB0899100565670 /* Frameworks */ = {
			isa = PBXFrameworksBuildPhase;
			buildActionMask = 2147483647;
			files = (
				934B74362BC7622200466853 /* SDWebImageMapKit in Frameworks */,
				934B74342BC7622200466853 /* SDWebImage in Frameworks */,
			);
			runOnlyForDeploymentPostprocessing = 0;
		};
/* End PBXFrameworksBuildPhase section */

/* Begin PBXGroup section */
		93B1C8202BB0899100565670 = {
			isa = PBXGroup;
			children = (
				93B1C82B2BB0899100565670 /* TacoMedia */,
				93B1C82A2BB0899100565670 /* Products */,
			);
			sourceTree = "<group>";
		};
		93B1C82A2BB0899100565670 /* Products */ = {
			isa = PBXGroup;
			children = (
				93B1C8292BB0899100565670 /* TacoMedia.app */,
			);
			name = Products;
			sourceTree = "<group>";
		};
		93B1C82B2BB0899100565670 /* TacoMedia */ = {
			isa = PBXGroup;
			children = (
				93B1C84D2BB0B42900565670 /* Managers */,
				93B1C84C2BB0B42300565670 /* Resources */,
				93B1C84B2BB0B41E00565670 /* Models */,
				93B1C84A2BB0B41800565670 /* Views */,
				93B1C8492BB0B3F300565670 /* ViewModels */,
				93B1C8402BB0A87000565670 /* Controllers */,
				93B1C82C2BB0899100565670 /* AppDelegate.swift */,
				93B1C82E2BB0899100565670 /* SceneDelegate.swift */,
				93B1C8302BB0899100565670 /* MainTabBarViewController.swift */,
				93B1C8352BB0899300565670 /* Assets.xcassets */,
				93B1C8372BB0899300565670 /* LaunchScreen.storyboard */,
				93B1C83A2BB0899300565670 /* Info.plist */,
			);
			path = TacoMedia;
			sourceTree = "<group>";
		};
		93B1C8402BB0A87000565670 /* Controllers */ = {
			isa = PBXGroup;
			children = (
				93B1C8412BB0A88D00565670 /* HomeViewController.swift */,
				93B1C8432BB0A8DA00565670 /* UpcomingViewController.swift */,
				93B1C8452BB0A8E800565670 /* SearchViewController.swift */,
				93B1C8472BB0A8F600565670 /* DownloadsViewController.swift */,
			);
			path = Controllers;
			sourceTree = "<group>";
		};
		93B1C8492BB0B3F300565670 /* ViewModels */ = {
			isa = PBXGroup;
			children = (
				934B74392BC7794B00466853 /* TitleViewModel.swift */,
			);
			path = ViewModels;
			sourceTree = "<group>";
		};
		93B1C84A2BB0B41800565670 /* Views */ = {
			isa = PBXGroup;
			children = (
				93B1C84E2BB0B46200565670 /* CollectionViewTableViewCell.swift */,
				93B1C8502BB0D40600565670 /* HeroHeaderUIView.swift */,
				934B74302BC7617700466853 /* TitleCollectionViewCell.swift */,
				934B74372BC774A000466853 /* TitleTableViewCell.swift */,
			);
			path = Views;
			sourceTree = "<group>";
		};
		93B1C84B2BB0B41E00565670 /* Models */ = {
			isa = PBXGroup;
			children = (
				93B1C8542BB0F72200565670 /* Title.swift */,
			);
			path = Models;
			sourceTree = "<group>";
		};
		93B1C84C2BB0B42300565670 /* Resources */ = {
			isa = PBXGroup;
			children = (
				93B1C8562BB0FA0700565670 /* Extensions.swift */,
			);
			path = Resources;
			sourceTree = "<group>";
		};
		93B1C84D2BB0B42900565670 /* Managers */ = {
			isa = PBXGroup;
			children = (
				93B1C8522BB0EE1000565670 /* APICaller.swift */,
			);
			path = Managers;
			sourceTree = "<group>";
		};
/* End PBXGroup section */

/* Begin PBXNativeTarget section */
		93B1C8282BB0899100565670 /* TacoMedia */ = {
			isa = PBXNativeTarget;
			buildConfigurationList = 93B1C83D2BB0899300565670 /* Build configuration list for PBXNativeTarget "TacoMedia" */;
			buildPhases = (
				93B1C8252BB0899100565670 /* Sources */,
				93B1C8262BB0899100565670 /* Frameworks */,
				93B1C8272BB0899100565670 /* Resources */,
			);
			buildRules = (
			);
			dependencies = (
			);
			name = TacoMedia;
			packageProductDependencies = (
				934B74332BC7622200466853 /* SDWebImage */,
				934B74352BC7622200466853 /* SDWebImageMapKit */,
			);
			productName = TacoMedia;
			productReference = 93B1C8292BB0899100565670 /* TacoMedia.app */;
			productType = "com.apple.product-type.application";
		};
/* End PBXNativeTarget section */

/* Begin PBXProject section */
		93B1C8212BB0899100565670 /* Project object */ = {
			isa = PBXProject;
			attributes = {
				BuildIndependentTargetsInParallel = 1;
				LastSwiftUpdateCheck = 1530;
				LastUpgradeCheck = 1530;
				TargetAttributes = {
					93B1C8282BB0899100565670 = {
						CreatedOnToolsVersion = 15.3;
					};
				};
			};
			buildConfigurationList = 93B1C8242BB0899100565670 /* Build configuration list for PBXProject "TacoMedia" */;
			compatibilityVersion = "Xcode 14.0";
			developmentRegion = en;
			hasScannedForEncodings = 0;
			knownRegions = (
				en,
				Base,
			);
			mainGroup = 93B1C8202BB0899100565670;
			packageReferences = (
				934B74322BC7622200466853 /* XCRemoteSwiftPackageReference "SDWebImage" */,
			);
			productRefGroup = 93B1C82A2BB0899100565670 /* Products */;
			projectDirPath = "";
			projectRoot = "";
			targets = (
				93B1C8282BB0899100565670 /* TacoMedia */,
			);
		};
/* End PBXProject section */

/* Begin PBXResourcesBuildPhase section */
		93B1C8272BB0899100565670 /* Resources */ = {
			isa = PBXResourcesBuildPhase;
			buildActionMask = 2147483647;
			files = (
				93B1C8362BB0899300565670 /* Assets.xcassets in Resources */,
				93B1C8392BB0899300565670 /* Base in Resources */,
			);
			runOnlyForDeploymentPostprocessing = 0;
		};
/* End PBXResourcesBuildPhase section */

/* Begin PBXSourcesBuildPhase section */
		93B1C8252BB0899100565670 /* Sources */ = {
			isa = PBXSourcesBuildPhase;
			buildActionMask = 2147483647;
			files = (
				934B74382BC774A000466853 /* TitleTableViewCell.swift in Sources */,
				93B1C8462BB0A8E800565670 /* SearchViewController.swift in Sources */,
				934B74312BC7617700466853 /* TitleCollectionViewCell.swift in Sources */,
				93B1C8312BB0899100565670 /* MainTabBarViewController.swift in Sources */,
				93B1C84F2BB0B46200565670 /* CollectionViewTableViewCell.swift in Sources */,
				93B1C8532BB0EE1000565670 /* APICaller.swift in Sources */,
				93B1C8512BB0D40600565670 /* HeroHeaderUIView.swift in Sources */,
				93B1C8482BB0A8F600565670 /* DownloadsViewController.swift in Sources */,
				93B1C82D2BB0899100565670 /* AppDelegate.swift in Sources */,
				93B1C8572BB0FA0700565670 /* Extensions.swift in Sources */,
				93B1C82F2BB0899100565670 /* SceneDelegate.swift in Sources */,
				93B1C8442BB0A8DA00565670 /* UpcomingViewController.swift in Sources */,
				93B1C8552BB0F72200565670 /* Title.swift in Sources */,
				93B1C8422BB0A88D00565670 /* HomeViewController.swift in Sources */,
				934B743A2BC7794B00466853 /* TitleViewModel.swift in Sources */,
			);
			runOnlyForDeploymentPostprocessing = 0;
		};
/* End PBXSourcesBuildPhase section */

/* Begin PBXVariantGroup section */
		93B1C8372BB0899300565670 /* LaunchScreen.storyboard */ = {
			isa = PBXVariantGroup;
			children = (
				93B1C8382BB0899300565670 /* Base */,
			);
			name = LaunchScreen.storyboard;
			sourceTree = "<group>";
		};
/* End PBXVariantGroup section */

/* Begin XCBuildConfiguration section */
		93B1C83B2BB0899300565670 /* Debug */ = {
			isa = XCBuildConfiguration;
			buildSettings = {
				ALWAYS_SEARCH_USER_PATHS = NO;
				ASSETCATALOG_COMPILER_GENERATE_SWIFT_ASSET_SYMBOL_EXTENSIONS = YES;
				CLANG_ANALYZER_NONNULL = YES;
				CLANG_ANALYZER_NUMBER_OBJECT_CONVERSION = YES_AGGRESSIVE;
				CLANG_CXX_LANGUAGE_STANDARD = "gnu++20";
				CLANG_ENABLE_MODULES = YES;
				CLANG_ENABLE_OBJC_ARC = YES;
				CLANG_ENABLE_OBJC_WEAK = YES;
				CLANG_WARN_BLOCK_CAPTURE_AUTORELEASING = YES;
				CLANG_WARN_BOOL_CONVERSION = YES;
				CLANG_WARN_COMMA = YES;
				CLANG_WARN_CONSTANT_CONVERSION = YES;
				CLANG_WARN_DEPRECATED_OBJC_IMPLEMENTATIONS = YES;
				CLANG_WARN_DIRECT_OBJC_ISA_USAGE = YES_ERROR;
				CLANG_WARN_DOCUMENTATION_COMMENTS = YES;
				CLANG_WARN_EMPTY_BODY = YES;
				CLANG_WARN_ENUM_CONVERSION = YES;
				CLANG_WARN_INFINITE_RECURSION = YES;
				CLANG_WARN_INT_CONVERSION = YES;
				CLANG_WARN_NON_LITERAL_NULL_CONVERSION = YES;
				CLANG_WARN_OBJC_IMPLICIT_RETAIN_SELF = YES;
				CLANG_WARN_OBJC_LITERAL_CONVERSION = YES;
				CLANG_WARN_OBJC_ROOT_CLASS = YES_ERROR;
				CLANG_WARN_QUOTED_INCLUDE_IN_FRAMEWORK_HEADER = YES;
				CLANG_WARN_RANGE_LOOP_ANALYSIS = YES;
				CLANG_WARN_STRICT_PROTOTYPES = YES;
				CLANG_WARN_SUSPICIOUS_MOVE = YES;
				CLANG_WARN_UNGUARDED_AVAILABILITY = YES_AGGRESSIVE;
				CLANG_WARN_UNREACHABLE_CODE = YES;
				CLANG_WARN__DUPLICATE_METHOD_MATCH = YES;
				COPY_PHASE_STRIP = NO;
				DEBUG_INFORMATION_FORMAT = dwarf;
				ENABLE_STRICT_OBJC_MSGSEND = YES;
				ENABLE_TESTABILITY = YES;
				ENABLE_USER_SCRIPT_SANDBOXING = YES;
				GCC_C_LANGUAGE_STANDARD = gnu17;
				GCC_DYNAMIC_NO_PIC = NO;
				GCC_NO_COMMON_BLOCKS = YES;
				GCC_OPTIMIZATION_LEVEL = 0;
				GCC_PREPROCESSOR_DEFINITIONS = (
					"DEBUG=1",
					"$(inherited)",
				);
				GCC_WARN_64_TO_32_BIT_CONVERSION = YES;
				GCC_WARN_ABOUT_RETURN_TYPE = YES_ERROR;
				GCC_WARN_UNDECLARED_SELECTOR = YES;
				GCC_WARN_UNINITIALIZED_AUTOS = YES_AGGRESSIVE;
				GCC_WARN_UNUSED_FUNCTION = YES;
				GCC_WARN_UNUSED_VARIABLE = YES;
				IBSC_FLATTEN_NIBS = YES;
				IPHONEOS_DEPLOYMENT_TARGET = 17.4;
				LOCALIZATION_PREFERS_STRING_CATALOGS = YES;
				MTL_ENABLE_DEBUG_INFO = INCLUDE_SOURCE;
				MTL_FAST_MATH = YES;
				ONLY_ACTIVE_ARCH = YES;
				SDKROOT = iphoneos;
				SWIFT_ACTIVE_COMPILATION_CONDITIONS = "DEBUG $(inherited)";
				SWIFT_OPTIMIZATION_LEVEL = "-Onone";
			};
			name = Debug;
		};
		93B1C83C2BB0899300565670 /* Release */ = {
			isa = XCBuildConfiguration;
			buildSettings = {
				ALWAYS_SEARCH_USER_PATHS = NO;
				ASSETCATALOG_COMPILER_GENERATE_SWIFT_ASSET_SYMBOL_EXTENSIONS = YES;
				CLANG_ANALYZER_NONNULL = YES;
				CLANG_ANALYZER_NUMBER_OBJECT_CONVERSION = YES_AGGRESSIVE;
				CLANG_CXX_LANGUAGE_STANDARD = "gnu++20";
				CLANG_ENABLE_MODULES = YES;
				CLANG_ENABLE_OBJC_ARC = YES;
				CLANG_ENABLE_OBJC_WEAK = YES;
				CLANG_WARN_BLOCK_CAPTURE_AUTORELEASING = YES;
				CLANG_WARN_BOOL_CONVERSION = YES;
				CLANG_WARN_COMMA = YES;
				CLANG_WARN_CONSTANT_CONVERSION = YES;
				CLANG_WARN_DEPRECATED_OBJC_IMPLEMENTATIONS = YES;
				CLANG_WARN_DIRECT_OBJC_ISA_USAGE = YES_ERROR;
				CLANG_WARN_DOCUMENTATION_COMMENTS = YES;
				CLANG_WARN_EMPTY_BODY = YES;
				CLANG_WARN_ENUM_CONVERSION = YES;
				CLANG_WARN_INFINITE_RECURSION = YES;
				CLANG_WARN_INT_CONVERSION = YES;
				CLANG_WARN_NON_LITERAL_NULL_CONVERSION = YES;
				CLANG_WARN_OBJC_IMPLICIT_RETAIN_SELF = YES;
				CLANG_WARN_OBJC_LITERAL_CONVERSION = YES;
				CLANG_WARN_OBJC_ROOT_CLASS = YES_ERROR;
				CLANG_WARN_QUOTED_INCLUDE_IN_FRAMEWORK_HEADER = YES;
				CLANG_WARN_RANGE_LOOP_ANALYSIS = YES;
				CLANG_WARN_STRICT_PROTOTYPES = YES;
				CLANG_WARN_SUSPICIOUS_MOVE = YES;
				CLANG_WARN_UNGUARDED_AVAILABILITY = YES_AGGRESSIVE;
				CLANG_WARN_UNREACHABLE_CODE = YES;
				CLANG_WARN__DUPLICATE_METHOD_MATCH = YES;
				COPY_PHASE_STRIP = NO;
				DEBUG_INFORMATION_FORMAT = "dwarf-with-dsym";
				ENABLE_NS_ASSERTIONS = NO;
				ENABLE_STRICT_OBJC_MSGSEND = YES;
				ENABLE_USER_SCRIPT_SANDBOXING = YES;
				GCC_C_LANGUAGE_STANDARD = gnu17;
				GCC_NO_COMMON_BLOCKS = YES;
				GCC_WARN_64_TO_32_BIT_CONVERSION = YES;
				GCC_WARN_ABOUT_RETURN_TYPE = YES_ERROR;
				GCC_WARN_UNDECLARED_SELECTOR = YES;
				GCC_WARN_UNINITIALIZED_AUTOS = YES_AGGRESSIVE;
				GCC_WARN_UNUSED_FUNCTION = YES;
				GCC_WARN_UNUSED_VARIABLE = YES;
				IBSC_FLATTEN_NIBS = YES;
				IPHONEOS_DEPLOYMENT_TARGET = 17.4;
				LOCALIZATION_PREFERS_STRING_CATALOGS = YES;
				MTL_ENABLE_DEBUG_INFO = NO;
				MTL_FAST_MATH = YES;
				SDKROOT = iphoneos;
				SWIFT_COMPILATION_MODE = wholemodule;
				VALIDATE_PRODUCT = YES;
			};
			name = Release;
		};
		93B1C83E2BB0899300565670 /* Debug */ = {
			isa = XCBuildConfiguration;
			buildSettings = {
				ASSETCATALOG_COMPILER_APPICON_NAME = AppIcon;
				ASSETCATALOG_COMPILER_GLOBAL_ACCENT_COLOR_NAME = AccentColor;
				CODE_SIGN_STYLE = Automatic;
				CURRENT_PROJECT_VERSION = 1;
				DEVELOPMENT_TEAM = 25QN4T657Y;
				GENERATE_INFOPLIST_FILE = YES;
				INFOPLIST_FILE = TacoMedia/Info.plist;
				INFOPLIST_KEY_UIApplicationSupportsIndirectInputEvents = YES;
				INFOPLIST_KEY_UILaunchStoryboardName = LaunchScreen;
				INFOPLIST_KEY_UIStatusBarStyle = "";
				INFOPLIST_KEY_UISupportedInterfaceOrientations_iPad = "UIInterfaceOrientationPortrait UIInterfaceOrientationPortraitUpsideDown UIInterfaceOrientationLandscapeLeft UIInterfaceOrientationLandscapeRight";
				INFOPLIST_KEY_UISupportedInterfaceOrientations_iPhone = "UIInterfaceOrientationPortrait UIInterfaceOrientationLandscapeLeft UIInterfaceOrientationLandscapeRight";
				LD_RUNPATH_SEARCH_PATHS = (
					"$(inherited)",
					"@executable_path/Frameworks",
				);
				MARKETING_VERSION = 1.0;
				PRODUCT_BUNDLE_IDENTIFIER = "Pratik-Patil.TacoMedia";
				PRODUCT_NAME = "$(TARGET_NAME)";
				SWIFT_EMIT_LOC_STRINGS = YES;
				SWIFT_VERSION = 5.0;
				TARGETED_DEVICE_FAMILY = "1,2";
			};
			name = Debug;
		};
		93B1C83F2BB0899300565670 /* Release */ = {
			isa = XCBuildConfiguration;
			buildSettings = {
				ASSETCATALOG_COMPILER_APPICON_NAME = AppIcon;
				ASSETCATALOG_COMPILER_GLOBAL_ACCENT_COLOR_NAME = AccentColor;
				CODE_SIGN_STYLE = Automatic;
				CURRENT_PROJECT_VERSION = 1;
				DEVELOPMENT_TEAM = 25QN4T657Y;
				GENERATE_INFOPLIST_FILE = YES;
				INFOPLIST_FILE = TacoMedia/Info.plist;
				INFOPLIST_KEY_UIApplicationSupportsIndirectInputEvents = YES;
				INFOPLIST_KEY_UILaunchStoryboardName = LaunchScreen;
				INFOPLIST_KEY_UIStatusBarStyle = "";
				INFOPLIST_KEY_UISupportedInterfaceOrientations_iPad = "UIInterfaceOrientationPortrait UIInterfaceOrientationPortraitUpsideDown UIInterfaceOrientationLandscapeLeft UIInterfaceOrientationLandscapeRight";
				INFOPLIST_KEY_UISupportedInterfaceOrientations_iPhone = "UIInterfaceOrientationPortrait UIInterfaceOrientationLandscapeLeft UIInterfaceOrientationLandscapeRight";
				LD_RUNPATH_SEARCH_PATHS = (
					"$(inherited)",
					"@executable_path/Frameworks",
				);
				MARKETING_VERSION = 1.0;
				PRODUCT_BUNDLE_IDENTIFIER = "Pratik-Patil.TacoMedia";
				PRODUCT_NAME = "$(TARGET_NAME)";
				SWIFT_EMIT_LOC_STRINGS = YES;
				SWIFT_VERSION = 5.0;
				TARGETED_DEVICE_FAMILY = "1,2";
			};
			name = Release;
		};
/* End XCBuildConfiguration section */

/* Begin XCConfigurationList section */
		93B1C8242BB0899100565670 /* Build configuration list for PBXProject "TacoMedia" */ = {
			isa = XCConfigurationList;
			buildConfigurations = (
				93B1C83B2BB0899300565670 /* Debug */,
				93B1C83C2BB0899300565670 /* Release */,
			);
			defaultConfigurationIsVisible = 0;
			defaultConfigurationName = Release;
		};
		93B1C83D2BB0899300565670 /* Build configuration list for PBXNativeTarget "TacoMedia" */ = {
			isa = XCConfigurationList;
			buildConfigurations = (
				93B1C83E2BB0899300565670 /* Debug */,
				93B1C83F2BB0899300565670 /* Release */,
			);
			defaultConfigurationIsVisible = 0;
			defaultConfigurationName = Release;
		};
/* End XCConfigurationList section */

/* Begin XCRemoteSwiftPackageReference section */
		934B74322BC7622200466853 /* XCRemoteSwiftPackageReference "SDWebImage" */ = {
			isa = XCRemoteSwiftPackageReference;
			repositoryURL = "https://github.com/SDWebImage/SDWebImage.git";
			requirement = {
				kind = upToNextMajorVersion;
				minimumVersion = 5.19.1;
			};
		};
/* End XCRemoteSwiftPackageReference section */

/* Begin XCSwiftPackageProductDependency section */
		934B74332BC7622200466853 /* SDWebImage */ = {
			isa = XCSwiftPackageProductDependency;
			package = 934B74322BC7622200466853 /* XCRemoteSwiftPackageReference "SDWebImage" */;
			productName = SDWebImage;
		};
		934B74352BC7622200466853 /* SDWebImageMapKit */ = {
			isa = XCSwiftPackageProductDependency;
			package = 934B74322BC7622200466853 /* XCRemoteSwiftPackageReference "SDWebImage" */;
			productName = SDWebImageMapKit;
		};
/* End XCSwiftPackageProductDependency section */
	};
	rootObject = 93B1C8212BB0899100565670 /* Project object */;
}
